
Microsoft Visual Studio Solution File, Format Version 12.00
# Visual Studio Version 16
VisualStudioVersion = 16.0.31328.270
MinimumVisualStudioVersion = 10.0.40219.1
Project("{FAE04EC0-301F-11D3-BF4B-00C04F79EFBC}") = "test22", "test22.csproj", "{038C8924-D7DA-4B66-87A8-9E1E587D8CDA}"
EndProject
Global
	GlobalSection(SolutionConfigurationPlatforms) = preSolution
		Debug|Any CPU = Debug|Any CPU
		Release|Any CPU = Release|Any CPU
	EndGlobalSection
	GlobalSection(ProjectConfigurationPlatforms) = postSolution
		{038C8924-D7DA-4B66-87A8-9E1E587D8CDA}.Debug|Any CPU.ActiveCfg = Debug|Any CPU
		{038C8924-D7DA-4B66-87A8-9E1E587D8CDA}.Debug|Any CPU.Build.0 = Debug|Any CPU
		{038C8924-D7DA-4B66-87A8-9E1E587D8CDA}.Release|Any CPU.ActiveCfg = Release|Any CPU
		{038C8924-D7DA-4B66-87A8-9E1E587D8CDA}.Release|Any CPU.Build.0 = Release|Any CPU
	EndGlobalSection
	GlobalSection(SolutionProperties) = preSolution
		HideSolutionNode = FALSE
	EndGlobalSection
	GlobalSection(ExtensibilityGlobals) = postSolution
		SolutionGuid = {D51C5A3A-AE61-4300-86AF-4AAF87E9F32C}
	EndGlobalSection
EndGlobal
